Microsoft Visual Studio Solution File, Format Version 12.00
# Visual Studio Version 17
VisualStudioVersion = 17.5.2.0
MinimumVisualStudioVersion = 10.0.40219.1
Project("{FAE04EC0-301F-11D3-BF4B-00C04F79EFBC}") = "UnIdy", "UnIdy.csproj", "{5B25ADAC-E3F6-B531-9425-BC2FC430B69A}"
EndProject
Global
	GlobalSection(SolutionConfigurationPlatforms) = preSolution
		Debug|Any CPU = Debug|Any CPU
		Release|Any CPU = Release|Any CPU
	EndGlobalSection
	GlobalSection(ProjectConfigurationPlatforms) = postSolution
		{5B25ADAC-E3F6-B531-9425-BC2FC430B69A}.Debug|Any CPU.ActiveCfg = Debug|Any CPU
		{5B25ADAC-E3F6-B531-9425-BC2FC430B69A}.Debug|Any CPU.Build.0 = Debug|Any CPU
		{5B25ADAC-E3F6-B531-9425-BC2FC430B69A}.Release|Any CPU.ActiveCfg = Release|Any CPU
		{5B25ADAC-E3F6-B531-9425-BC2FC430B69A}.Release|Any CPU.Build.0 = Release|Any CPU
	EndGlobalSection
	GlobalSection(SolutionProperties) = preSolution
		HideSolutionNode = FALSE
	EndGlobalSection
	GlobalSection(ExtensibilityGlobals) = postSolution
		SolutionGuid = {0A28E99A-2F38-4990-9996-6B558148BFF8}
	EndGlobalSection
EndGlobal
